
Microsoft Visual Studio Solution File, Format Version 12.00
# Visual Studio 15
Project("{FAE04EC0-301F-11D3-BF4B-00C04F79EFBC}") = "PhotonChat", "PhotonChat.csproj", "{F3716844-4645-A440-BDF6-F809C674DF08}"
EndProject
Project("{FAE04EC0-301F-11D3-BF4B-00C04F79EFBC}") = "PhotonUnityNetworking.Demos", "PhotonUnityNetworking.Demos.csproj", "{C22A28EF-D73A-9032-3AEE-19EEF814B45B}"
EndProject
Project("{FAE04EC0-301F-11D3-BF4B-00C04F79EFBC}") = "Assembly-CSharp", "Assembly-CSharp.csproj", "{9626EF43-F90F-C0B3-A9E1-915F5AE19898}"
EndProject
Project("{FAE04EC0-301F-11D3-BF4B-00C04F79EFBC}") = "PhotonUnityNetworking.Editor", "PhotonUnityNetworking.Editor.csproj", "{95FDA686-AE76-1A84-C504-BBBF07EF34E9}"
EndProject
Project("{FAE04EC0-301F-11D3-BF4B-00C04F79EFBC}") = "PhotonUnityNetworking", "PhotonUnityNetworking.csproj", "{46A28CBB-93F5-63EB-93C1-2411C6895701}"
EndProject
Project("{FAE04EC0-301F-11D3-BF4B-00C04F79EFBC}") = "PhotonRealtime", "PhotonRealtime.csproj", "{0E2C40BA-EF7E-B198-275F-DEC181EF763D}"
EndProject
Project("{FAE04EC0-301F-11D3-BF4B-00C04F79EFBC}") = "PhotonUnityNetworking.Utilities.PhotonPlayer.Editor", "PhotonUnityNetworking.Utilities.PhotonPlayer.Editor.csproj", "{1D62DCE8-971F-B98F-9F6F-F6C770BBD43B}"
EndProject
Project("{FAE04EC0-301F-11D3-BF4B-00C04F79EFBC}") = "PhotonUnityNetworking.Utilities", "PhotonUnityNetworking.Utilities.csproj", "{41A962BC-EE48-BBCA-0504-79E9121400A6}"
EndProject
Project("{FAE04EC0-301F-11D3-BF4B-00C04F79EFBC}") = "PunDemos.DemoSlotcarEditor", "PunDemos.DemoSlotcarEditor.csproj", "{9B3541EA-4F27-6D29-5A9B-EB96C0367910}"
EndProject
Project("{FAE04EC0-301F-11D3-BF4B-00C04F79EFBC}") = "PhotonUnityNetworking.Utilities.Culling.Editor", "PhotonUnityNetworking.Utilities.Culling.Editor.csproj", "{0D845B69-EFC2-11D9-6ED9-0D9CD9BCC53C}"
EndProject
Project("{FAE04EC0-301F-11D3-BF4B-00C04F79EFBC}") = "PunDemos.DemoHubEditor", "PunDemos.DemoHubEditor.csproj", "{5E8E558C-9ACD-DFEA-4930-7B96B0F028EB}"
EndProject
Project("{FAE04EC0-301F-11D3-BF4B-00C04F79EFBC}") = "Assembly-CSharp-Editor", "Assembly-CSharp-Editor.csproj", "{B1D7F2AB-E9CA-39E7-D738-A9F6B00F838E}"
EndProject
Global
	GlobalSection(SolutionConfigurationPlatforms) = preSolution
		Debug|Any CPU = Debug|Any CPU
		Release|Any CPU = Release|Any CPU
	EndGlobalSection
	GlobalSection(ProjectConfigurationPlatforms) = postSolution
		{F3716844-4645-A440-BDF6-F809C674DF08}.Debug|Any CPU.ActiveCfg = Debug|Any CPU
		{F3716844-4645-A440-BDF6-F809C674DF08}.Debug|Any CPU.Build.0 = Debug|Any CPU
		{F3716844-4645-A440-BDF6-F809C674DF08}.Release|Any CPU.ActiveCfg = Release|Any CPU
		{F3716844-4645-A440-BDF6-F809C674DF08}.Release|Any CPU.Build.0 = Release|Any CPU
		{C22A28EF-D73A-9032-3AEE-19EEF814B45B}.Debug|Any CPU.ActiveCfg = Debug|Any CPU
		{C22A28EF-D73A-9032-3AEE-19EEF814B45B}.Debug|Any CPU.Build.0 = Debug|Any CPU
		{C22A28EF-D73A-9032-3AEE-19EEF814B45B}.Release|Any CPU.ActiveCfg = Release|Any CPU
		{C22A28EF-D73A-9032-3AEE-19EEF814B45B}.Release|Any CPU.Build.0 = Release|Any CPU
		{9626EF43-F90F-C0B3-A9E1-915F5AE19898}.Debug|Any CPU.ActiveCfg = Debug|Any CPU
		{9626EF43-F90F-C0B3-A9E1-915F5AE19898}.Debug|Any CPU.Build.0 = Debug|Any CPU
		{9626EF43-F90F-C0B3-A9E1-915F5AE19898}.Release|Any CPU.ActiveCfg = Release|Any CPU
		{9626EF43-F90F-C0B3-A9E1-915F5AE19898}.Release|Any CPU.Build.0 = Release|Any CPU
		{95FDA686-AE76-1A84-C504-BBBF07EF34E9}.Debug|Any CPU.ActiveCfg = Debug|Any CPU
		{95FDA686-AE76-1A84-C504-BBBF07EF34E9}.Debug|Any CPU.Build.0 = Debug|Any CPU
		{95FDA686-AE76-1A84-C504-BBBF07EF34E9}.Release|Any CPU.ActiveCfg = Release|Any CPU
		{95FDA686-AE76-1A84-C504-BBBF07EF34E9}.Release|Any CPU.Build.0 = Release|Any CPU
		{46A28CBB-93F5-63EB-93C1-2411C6895701}.Debug|Any CPU.ActiveCfg = Debug|Any CPU
		{46A28CBB-93F5-63EB-93C1-2411C6895701}.Debug|Any CPU.Build.0 = Debug|Any CPU
		{46A28CBB-93F5-63EB-93C1-2411C6895701}.Release|Any CPU.ActiveCfg = Release|Any CPU
		{46A28CBB-93F5-63EB-93C1-2411C6895701}.Release|Any CPU.Build.0 = Release|Any CPU
		{0E2C40BA-EF7E-B198-275F-DEC181EF763D}.Debug|Any CPU.ActiveCfg = Debug|Any CPU
		{0E2C40BA-EF7E-B198-275F-DEC181EF763D}.Debug|Any CPU.Build.0 = Debug|Any CPU
		{0E2C40BA-EF7E-B198-275F-DEC181EF763D}.Release|Any CPU.ActiveCfg = Release|Any CPU
		{0E2C40BA-EF7E-B198-275F-DEC181EF763D}.Release|Any CPU.Build.0 = Release|Any CPU
		{1D62DCE8-971F-B98F-9F6F-F6C770BBD43B}.Debug|Any CPU.ActiveCfg = Debug|Any CPU
		{1D62DCE8-971F-B98F-9F6F-F6C770BBD43B}.Debug|Any CPU.Build.0 = Debug|Any CPU
		{1D62DCE8-971F-B98F-9F6F-F6C770BBD43B}.Release|Any CPU.ActiveCfg = Release|Any CPU
		{1D62DCE8-971F-B98F-9F6F-F6C770BBD43B}.Release|Any CPU.Build.0 = Release|Any CPU
		{41A962BC-EE48-BBCA-0504-79E9121400A6}.Debug|Any CPU.ActiveCfg = Debug|Any CPU
		{41A962BC-EE48-BBCA-0504-79E9121400A6}.Debug|Any CPU.Build.0 = Debug|Any CPU
		{41A962BC-EE48-BBCA-0504-79E9121400A6}.Release|Any CPU.ActiveCfg = Release|Any CPU
		{41A962BC-EE48-BBCA-0504-79E9121400A6}.Release|Any CPU.Build.0 = Release|Any CPU
		{9B3541EA-4F27-6D29-5A9B-EB96C0367910}.Debug|Any CPU.ActiveCfg = Debug|Any CPU
		{9B3541EA-4F27-6D29-5A9B-EB96C0367910}.Debug|Any CPU.Build.0 = Debug|Any CPU
		{9B3541EA-4F27-6D29-5A9B-EB96C0367910}.Release|Any CPU.ActiveCfg = Release|Any CPU
		{9B3541EA-4F27-6D29-5A9B-EB96C0367910}.Release|Any CPU.Build.0 = Release|Any CPU
		{0D845B69-EFC2-11D9-6ED9-0D9CD9BCC53C}.Debug|Any CPU.ActiveCfg = Debug|Any CPU
		{0D845B69-EFC2-11D9-6ED9-0D9CD9BCC53C}.Debug|Any CPU.Build.0 = Debug|Any CPU
		{0D845B69-EFC2-11D9-6ED9-0D9CD9BCC53C}.Release|Any CPU.ActiveCfg = Release|Any CPU
		{0D845B69-EFC2-11D9-6ED9-0D9CD9BCC53C}.Release|Any CPU.Build.0 = Release|Any CPU
		{5E8E558C-9ACD-DFEA-4930-7B96B0F028EB}.Debug|Any CPU.ActiveCfg = Debug|Any CPU
		{5E8E558C-9ACD-DFEA-4930-7B96B0F028EB}.Debug|Any CPU.Build.0 = Debug|Any CPU
		{5E8E558C-9ACD-DFEA-4930-7B96B0F028EB}.Release|Any CPU.ActiveCfg = Release|Any CPU
		{5E8E558C-9ACD-DFEA-4930-7B96B0F028EB}.Release|Any CPU.Build.0 = Release|Any CPU
		{B1D7F2AB-E9CA-39E7-D738-A9F6B00F838E}.Debug|Any CPU.ActiveCfg = Debug|Any CPU
		{B1D7F2AB-E9CA-39E7-D738-A9F6B00F838E}.Debug|Any CPU.Build.0 = Debug|Any CPU
		{B1D7F2AB-E9CA-39E7-D738-A9F6B00F838E}.Release|Any CPU.ActiveCfg = Release|Any CPU
		{B1D7F2AB-E9CA-39E7-D738-A9F6B00F838E}.Release|Any CPU.Build.0 = Release|Any CPU
	EndGlobalSection
	GlobalSection(SolutionProperties) = preSolution
		HideSolutionNode = FALSE
	EndGlobalSection
EndGlobal
