
Microsoft Visual Studio Solution File, Format Version 12.00
# Visual Studio 15
Project("{FAE04EC0-301F-11D3-BF4B-00C04F79EFBC}") = "Scripts", "Scripts.csproj", "{9DEA4038-7C79-17A7-E129-D650C5C21D6C}"
EndProject
Project("{FAE04EC0-301F-11D3-BF4B-00C04F79EFBC}") = "Mirror.Examples", "Mirror.Examples.csproj", "{D2A17797-55B9-EE0C-EECB-D0DAD547828B}"
EndProject
Project("{FAE04EC0-301F-11D3-BF4B-00C04F79EFBC}") = "Mirror.Components", "Mirror.Components.csproj", "{7431C60A-AC72-8273-2CFB-4F83E3F5763A}"
EndProject
Project("{FAE04EC0-301F-11D3-BF4B-00C04F79EFBC}") = "Mirror", "Mirror.csproj", "{D080C31C-AA21-0E74-7124-8B1D18878AE5}"
EndProject
Project("{FAE04EC0-301F-11D3-BF4B-00C04F79EFBC}") = "Mirror.Hosting", "Mirror.Hosting.csproj", "{933B88A7-4CAC-E193-E8B2-BCBD10AF82C8}"
EndProject
Project("{FAE04EC0-301F-11D3-BF4B-00C04F79EFBC}") = "Unity.Mirror.CodeGen", "Unity.Mirror.CodeGen.csproj", "{ED19A5DF-F6CD-2C45-8144-7D0CD377502F}"
EndProject
Project("{FAE04EC0-301F-11D3-BF4B-00C04F79EFBC}") = "Mirror.Editor", "Mirror.Editor.csproj", "{FB0A5EFC-1CC3-B789-2FF0-07D0580EA09B}"
EndProject
Project("{FAE04EC0-301F-11D3-BF4B-00C04F79EFBC}") = "Mirror.Transports", "Mirror.Transports.csproj", "{F59DD74A-2C31-0B24-7118-83D1098CF367}"
EndProject
Project("{FAE04EC0-301F-11D3-BF4B-00C04F79EFBC}") = "Telepathy", "Telepathy.csproj", "{648CBE2E-8263-D925-8E9F-0146AD938D51}"
EndProject
Project("{FAE04EC0-301F-11D3-BF4B-00C04F79EFBC}") = "SimpleWebTransport", "SimpleWebTransport.csproj", "{B45D92AD-33F9-BF21-ACB4-86E0F233F053}"
EndProject
Project("{FAE04EC0-301F-11D3-BF4B-00C04F79EFBC}") = "kcp2k", "kcp2k.csproj", "{7E87AC7D-A2FE-E62D-D5EE-EB1981A12E7B}"
EndProject
Project("{FAE04EC0-301F-11D3-BF4B-00C04F79EFBC}") = "Assembly-CSharp", "Assembly-CSharp.csproj", "{4B6A1653-6C72-EED7-6ADD-7235CE4CD4EB}"
EndProject
Project("{FAE04EC0-301F-11D3-BF4B-00C04F79EFBC}") = "Assembly-CSharp-Editor", "Assembly-CSharp-Editor.csproj", "{33E3169F-DA0C-A0CE-E862-E9531E731812}"
EndProject
Project("{FAE04EC0-301F-11D3-BF4B-00C04F79EFBC}") = "Mirror.Authenticators", "Mirror.Authenticators.csproj", "{CD787FE3-62DE-37E8-A244-14E67A47FFD4}"
EndProject
Project("{FAE04EC0-301F-11D3-BF4B-00C04F79EFBC}") = "Mirror.CompilerSymbols", "Mirror.CompilerSymbols.csproj", "{8D51E401-7844-09B4-F57E-E417BEB31A3B}"
EndProject
Project("{FAE04EC0-301F-11D3-BF4B-00C04F79EFBC}") = "Tests", "Tests.csproj", "{D6254AA4-4685-5C5F-866D-E4C904210FCA}"
EndProject
Global
	GlobalSection(SolutionConfigurationPlatforms) = preSolution
		Debug|Any CPU = Debug|Any CPU
		Release|Any CPU = Release|Any CPU
	EndGlobalSection
	GlobalSection(ProjectConfigurationPlatforms) = postSolution
		{9DEA4038-7C79-17A7-E129-D650C5C21D6C}.Debug|Any CPU.ActiveCfg = Debug|Any CPU
		{9DEA4038-7C79-17A7-E129-D650C5C21D6C}.Debug|Any CPU.Build.0 = Debug|Any CPU
		{9DEA4038-7C79-17A7-E129-D650C5C21D6C}.Release|Any CPU.ActiveCfg = Release|Any CPU
		{9DEA4038-7C79-17A7-E129-D650C5C21D6C}.Release|Any CPU.Build.0 = Release|Any CPU
		{D2A17797-55B9-EE0C-EECB-D0DAD547828B}.Debug|Any CPU.ActiveCfg = Debug|Any CPU
		{D2A17797-55B9-EE0C-EECB-D0DAD547828B}.Debug|Any CPU.Build.0 = Debug|Any CPU
		{D2A17797-55B9-EE0C-EECB-D0DAD547828B}.Release|Any CPU.ActiveCfg = Release|Any CPU
		{D2A17797-55B9-EE0C-EECB-D0DAD547828B}.Release|Any CPU.Build.0 = Release|Any CPU
		{7431C60A-AC72-8273-2CFB-4F83E3F5763A}.Debug|Any CPU.ActiveCfg = Debug|Any CPU
		{7431C60A-AC72-8273-2CFB-4F83E3F5763A}.Debug|Any CPU.Build.0 = Debug|Any CPU
		{7431C60A-AC72-8273-2CFB-4F83E3F5763A}.Release|Any CPU.ActiveCfg = Release|Any CPU
		{7431C60A-AC72-8273-2CFB-4F83E3F5763A}.Release|Any CPU.Build.0 = Release|Any CPU
		{D080C31C-AA21-0E74-7124-8B1D18878AE5}.Debug|Any CPU.ActiveCfg = Debug|Any CPU
		{D080C31C-AA21-0E74-7124-8B1D18878AE5}.Debug|Any CPU.Build.0 = Debug|Any CPU
		{D080C31C-AA21-0E74-7124-8B1D18878AE5}.Release|Any CPU.ActiveCfg = Release|Any CPU
		{D080C31C-AA21-0E74-7124-8B1D18878AE5}.Release|Any CPU.Build.0 = Release|Any CPU
		{933B88A7-4CAC-E193-E8B2-BCBD10AF82C8}.Debug|Any CPU.ActiveCfg = Debug|Any CPU
		{933B88A7-4CAC-E193-E8B2-BCBD10AF82C8}.Debug|Any CPU.Build.0 = Debug|Any CPU
		{933B88A7-4CAC-E193-E8B2-BCBD10AF82C8}.Release|Any CPU.ActiveCfg = Release|Any CPU
		{933B88A7-4CAC-E193-E8B2-BCBD10AF82C8}.Release|Any CPU.Build.0 = Release|Any CPU
		{ED19A5DF-F6CD-2C45-8144-7D0CD377502F}.Debug|Any CPU.ActiveCfg = Debug|Any CPU
		{ED19A5DF-F6CD-2C45-8144-7D0CD377502F}.Debug|Any CPU.Build.0 = Debug|Any CPU
		{ED19A5DF-F6CD-2C45-8144-7D0CD377502F}.Release|Any CPU.ActiveCfg = Release|Any CPU
		{ED19A5DF-F6CD-2C45-8144-7D0CD377502F}.Release|Any CPU.Build.0 = Release|Any CPU
		{FB0A5EFC-1CC3-B789-2FF0-07D0580EA09B}.Debug|Any CPU.ActiveCfg = Debug|Any CPU
		{FB0A5EFC-1CC3-B789-2FF0-07D0580EA09B}.Debug|Any CPU.Build.0 = Debug|Any CPU
		{FB0A5EFC-1CC3-B789-2FF0-07D0580EA09B}.Release|Any CPU.ActiveCfg = Release|Any CPU
		{FB0A5EFC-1CC3-B789-2FF0-07D0580EA09B}.Release|Any CPU.Build.0 = Release|Any CPU
		{F59DD74A-2C31-0B24-7118-83D1098CF367}.Debug|Any CPU.ActiveCfg = Debug|Any CPU
		{F59DD74A-2C31-0B24-7118-83D1098CF367}.Debug|Any CPU.Build.0 = Debug|Any CPU
		{F59DD74A-2C31-0B24-7118-83D1098CF367}.Release|Any CPU.ActiveCfg = Release|Any CPU
		{F59DD74A-2C31-0B24-7118-83D1098CF367}.Release|Any CPU.Build.0 = Release|Any CPU
		{648CBE2E-8263-D925-8E9F-0146AD938D51}.Debug|Any CPU.ActiveCfg = Debug|Any CPU
		{648CBE2E-8263-D925-8E9F-0146AD938D51}.Debug|Any CPU.Build.0 = Debug|Any CPU
		{648CBE2E-8263-D925-8E9F-0146AD938D51}.Release|Any CPU.ActiveCfg = Release|Any CPU
		{648CBE2E-8263-D925-8E9F-0146AD938D51}.Release|Any CPU.Build.0 = Release|Any CPU
		{B45D92AD-33F9-BF21-ACB4-86E0F233F053}.Debug|Any CPU.ActiveCfg = Debug|Any CPU
		{B45D92AD-33F9-BF21-ACB4-86E0F233F053}.Debug|Any CPU.Build.0 = Debug|Any CPU
		{B45D92AD-33F9-BF21-ACB4-86E0F233F053}.Release|Any CPU.ActiveCfg = Release|Any CPU
		{B45D92AD-33F9-BF21-ACB4-86E0F233F053}.Release|Any CPU.Build.0 = Release|Any CPU
		{7E87AC7D-A2FE-E62D-D5EE-EB1981A12E7B}.Debug|Any CPU.ActiveCfg = Debug|Any CPU
		{7E87AC7D-A2FE-E62D-D5EE-EB1981A12E7B}.Debug|Any CPU.Build.0 = Debug|Any CPU
		{7E87AC7D-A2FE-E62D-D5EE-EB1981A12E7B}.Release|Any CPU.ActiveCfg = Release|Any CPU
		{7E87AC7D-A2FE-E62D-D5EE-EB1981A12E7B}.Release|Any CPU.Build.0 = Release|Any CPU
		{4B6A1653-6C72-EED7-6ADD-7235CE4CD4EB}.Debug|Any CPU.ActiveCfg = Debug|Any CPU
		{4B6A1653-6C72-EED7-6ADD-7235CE4CD4EB}.Debug|Any CPU.Build.0 = Debug|Any CPU
		{4B6A1653-6C72-EED7-6ADD-7235CE4CD4EB}.Release|Any CPU.ActiveCfg = Release|Any CPU
		{4B6A1653-6C72-EED7-6ADD-7235CE4CD4EB}.Release|Any CPU.Build.0 = Release|Any CPU
		{33E3169F-DA0C-A0CE-E862-E9531E731812}.Debug|Any CPU.ActiveCfg = Debug|Any CPU
		{33E3169F-DA0C-A0CE-E862-E9531E731812}.Debug|Any CPU.Build.0 = Debug|Any CPU
		{33E3169F-DA0C-A0CE-E862-E9531E731812}.Release|Any CPU.ActiveCfg = Release|Any CPU
		{33E3169F-DA0C-A0CE-E862-E9531E731812}.Release|Any CPU.Build.0 = Release|Any CPU
		{CD787FE3-62DE-37E8-A244-14E67A47FFD4}.Debug|Any CPU.ActiveCfg = Debug|Any CPU
		{CD787FE3-62DE-37E8-A244-14E67A47FFD4}.Debug|Any CPU.Build.0 = Debug|Any CPU
		{CD787FE3-62DE-37E8-A244-14E67A47FFD4}.Release|Any CPU.ActiveCfg = Release|Any CPU
		{CD787FE3-62DE-37E8-A244-14E67A47FFD4}.Release|Any CPU.Build.0 = Release|Any CPU
		{8D51E401-7844-09B4-F57E-E417BEB31A3B}.Debug|Any CPU.ActiveCfg = Debug|Any CPU
		{8D51E401-7844-09B4-F57E-E417BEB31A3B}.Debug|Any CPU.Build.0 = Debug|Any CPU
		{8D51E401-7844-09B4-F57E-E417BEB31A3B}.Release|Any CPU.ActiveCfg = Release|Any CPU
		{8D51E401-7844-09B4-F57E-E417BEB31A3B}.Release|Any CPU.Build.0 = Release|Any CPU
		{D6254AA4-4685-5C5F-866D-E4C904210FCA}.Debug|Any CPU.ActiveCfg = Debug|Any CPU
		{D6254AA4-4685-5C5F-866D-E4C904210FCA}.Debug|Any CPU.Build.0 = Debug|Any CPU
		{D6254AA4-4685-5C5F-866D-E4C904210FCA}.Release|Any CPU.ActiveCfg = Release|Any CPU
		{D6254AA4-4685-5C5F-866D-E4C904210FCA}.Release|Any CPU.Build.0 = Release|Any CPU
	EndGlobalSection
	GlobalSection(SolutionProperties) = preSolution
		HideSolutionNode = FALSE
	EndGlobalSection
EndGlobal
